// !$*UTF8*$!
{
	archiveVersion = 1;
	classes = {
	};
	objectVersion = 46;
	objects = {

/* Begin PBXBuildFile section */
		63B4BC871075361E00A0A288 /* pakProjectLoader.mm in Sources */ = {isa = PBXBuildFile; fileRef = 63B4BC861075361E00A0A288 /* pakProjectLoader.mm */; };
		63B4BCB1107537F300A0A288 /* Foundation.framework in Frameworks */ = {isa = PBXBuildFile; fileRef = 63B4BCB0107537F300A0A288 /* Foundation.framework */; };
		63B4BFF710755EE100A0A288 /* hdOSXFileSystem.mm in Sources */ = {isa = PBXBuildFile; fileRef = 63B4BFF610755EE100A0A288 /* hdOSXFileSystem.mm */; };
		8DD76F650486A84900D96B5E /* main.cpp in Sources */ = {isa = PBXBuildFile; fileRef = 08FB7796FE84155DC02AAC07 /* main.cpp */; settings = {ATTRIBUTES = (); }; };
		8DD76F6A0486A84900D96B5E /* PakMaker.1 in CopyFiles */ = {isa = PBXBuildFile; fileRef = C6859E8B029090EE04C91782 /* PakMaker.1 */; };
		E44B5B41198605AF001F9862 /* hdCommon.cpp in Sources */ = {isa = PBXBuildFile; fileRef = E44B5B3A198605AF001F9862 /* hdCommon.cpp */; };
		E44B5B42198605AF001F9862 /* hdCompression.cpp in Sources */ = {isa = PBXBuildFile; fileRef = E44B5B3C198605AF001F9862 /* hdCompression.cpp */; };
		E44B5B43198605AF001F9862 /* hdPakFileSystem.cpp in Sources */ = {isa = PBXBuildFile; fileRef = E44B5B3F198605AF001F9862 /* hdPakFileSystem.cpp */; };
		E4A7560E1986261A0004ACB6 /* adler32.c in Sources */ = {isa = PBXBuildFile; fileRef = E4A755041986261A0004ACB6 /* adler32.c */; };
		E4A756101986261A0004ACB6 /* compress.c in Sources */ = {isa = PBXBuildFile; fileRef = E4A7550F1986261A0004ACB6 /* compress.c */; };
		E4A756421986261A0004ACB6 /* crc32.c in Sources */ = {isa = PBXBuildFile; fileRef = E4A755B11986261A0004ACB6 /* crc32.c */; };
		E4A756431986261A0004ACB6 /* deflate.c in Sources */ = {isa = PBXBuildFile; fileRef = E4A755B31986261A0004ACB6 /* deflate.c */; };
		E4A7564C1986261A0004ACB6 /* gzclose.c in Sources */ = {isa = PBXBuildFile; fileRef = E4A755C81986261A0004ACB6 /* gzclose.c */; };
		E4A7564D1986261A0004ACB6 /* gzlib.c in Sources */ = {isa = PBXBuildFile; fileRef = E4A755CA1986261A0004ACB6 /* gzlib.c */; };
		E4A7564E1986261A0004ACB6 /* gzread.c in Sources */ = {isa = PBXBuildFile; fileRef = E4A755CB1986261A0004ACB6 /* gzread.c */; };
		E4A7564F1986261A0004ACB6 /* gzwrite.c in Sources */ = {isa = PBXBuildFile; fileRef = E4A755CC1986261A0004ACB6 /* gzwrite.c */; };
		E4A756501986261A0004ACB6 /* infback.c in Sources */ = {isa = PBXBuildFile; fileRef = E4A755CE1986261A0004ACB6 /* infback.c */; };
		E4A756511986261A0004ACB6 /* inffast.c in Sources */ = {isa = PBXBuildFile; fileRef = E4A755CF1986261A0004ACB6 /* inffast.c */; };
		E4A756521986261A0004ACB6 /* inflate.c in Sources */ = {isa = PBXBuildFile; fileRef = E4A755D21986261A0004ACB6 /* inflate.c */; };
		E4A756531986261A0004ACB6 /* inftrees.c in Sources */ = {isa = PBXBuildFile; fileRef = E4A755D41986261A0004ACB6 /* inftrees.c */; };
		E4A756591986261A0004ACB6 /* trees.c in Sources */ = {isa = PBXBuildFile; fileRef = E4A755F31986261A0004ACB6 /* trees.c */; };
		E4A7565A1986261A0004ACB6 /* uncompr.c in Sources */ = {isa = PBXBuildFile; fileRef = E4A755F51986261A0004ACB6 /* uncompr.c */; };
		E4A7565D1986261A0004ACB6 /* zutil.c in Sources */ = {isa = PBXBuildFile; fileRef = E4A7560C1986261A0004ACB6 /* zutil.c */; };
/* End PBXBuildFile section */

/* Begin PBXCopyFilesBuildPhase section */
		8DD76F690486A84900D96B5E /* CopyFiles */ = {
			isa = PBXCopyFilesBuildPhase;
			buildActionMask = 8;
			dstPath = /usr/share/man/man1/;
			dstSubfolderSpec = 0;
			files = (
				8DD76F6A0486A84900D96B5E /* PakMaker.1 in CopyFiles */,
			);
			runOnlyForDeploymentPostprocessing = 1;
		};
/* End PBXCopyFilesBuildPhase section */

/* Begin PBXFileReference section */
		08FB7796FE84155DC02AAC07 /* main.cpp */ = {isa = PBXFileReference; fileEncoding = 4; lastKnownFileType = sourcecode.cpp.cpp; path = main.cpp; sourceTree = "<group>"; };
		63B4BC851075361E00A0A288 /* pakProjectLoader.h */ = {isa = PBXFileReference; fileEncoding = 4; lastKnownFileType = sourcecode.c.h; path = pakProjectLoader.h; sourceTree = "<group>"; };
		63B4BC861075361E00A0A288 /* pakProjectLoader.mm */ = {isa = PBXFileReference; fileEncoding = 4; lastKnownFileType = sourcecode.cpp.objcpp; path = pakProjectLoader.mm; sourceTree = "<group>"; };
		63B4BCB0107537F300A0A288 /* Foundation.framework */ = {isa = PBXFileReference; lastKnownFileType = wrapper.framework; name = Foundation.framework; path = System/Library/Frameworks/Foundation.framework; sourceTree = SDKROOT; };
		63B4BFF510755EE100A0A288 /* hdOSXFileSystem.h */ = {isa = PBXFileReference; fileEncoding = 4; lastKnownFileType = sourcecode.c.h; path = hdOSXFileSystem.h; sourceTree = "<group>"; };
		63B4BFF610755EE100A0A288 /* hdOSXFileSystem.mm */ = {isa = PBXFileReference; fileEncoding = 4; lastKnownFileType = sourcecode.cpp.objcpp; path = hdOSXFileSystem.mm; sourceTree = "<group>"; };
		8DD76F6C0486A84900D96B5E /* PakMaker */ = {isa = PBXFileReference; explicitFileType = "compiled.mach-o.executable"; includeInIndex = 0; path = PakMaker; sourceTree = BUILT_PRODUCTS_DIR; };
		C6859E8B029090EE04C91782 /* PakMaker.1 */ = {isa = PBXFileReference; lastKnownFileType = text.man; path = PakMaker.1; sourceTree = "<group>"; };
		E44B5B3A198605AF001F9862 /* hdCommon.cpp */ = {isa = PBXFileReference; fileEncoding = 4; lastKnownFileType = sourcecode.cpp.cpp; path = hdCommon.cpp; sourceTree = "<group>"; };
		E44B5B3B198605AF001F9862 /* hdCommon.h */ = {isa = PBXFileReference; fileEncoding = 4; lastKnownFileType = sourcecode.c.h; path = hdCommon.h; sourceTree = "<group>"; };
		E44B5B3C198605AF001F9862 /* hdCompression.cpp */ = {isa = PBXFileReference; fileEncoding = 4; lastKnownFileType = sourcecode.cpp.cpp; path = hdCompression.cpp; sourceTree = "<group>"; };
		E44B5B3D198605AF001F9862 /* hdCompression.h */ = {isa = PBXFileReference; fileEncoding = 4; lastKnownFileType = sourcecode.c.h; path = hdCompression.h; sourceTree = "<group>"; };
		E44B5B3E198605AF001F9862 /* hdFileSystem.h */ = {isa = PBXFileReference; fileEncoding = 4; lastKnownFileType = sourcecode.c.h; path = hdFileSystem.h; sourceTree = "<group>"; };
		E44B5B3F198605AF001F9862 /* hdPakFileSystem.cpp */ = {isa = PBXFileReference; fileEncoding = 4; lastKnownFileType = sourcecode.cpp.cpp; path = hdPakFileSystem.cpp; sourceTree = "<group>"; };
		E44B5B40198605AF001F9862 /* hdPakFileSystem.h */ = {isa = PBXFileReference; fileEncoding = 4; lastKnownFileType = sourcecode.c.h; path = hdPakFileSystem.h; sourceTree = "<group>"; };
		E4A755041986261A0004ACB6 /* adler32.c */ = {isa = PBXFileReference; fileEncoding = 4; lastKnownFileType = sourcecode.c.c; path = adler32.c; sourceTree = "<group>"; };
		E4A7550F1986261A0004ACB6 /* compress.c */ = {isa = PBXFileReference; fileEncoding = 4; lastKnownFileType = sourcecode.c.c; path = compress.c; sourceTree = "<group>"; };
		E4A755B11986261A0004ACB6 /* crc32.c */ = {isa = PBXFileReference; fileEncoding = 4; lastKnownFileType = sourcecode.c.c; path = crc32.c; sourceTree = "<group>"; };
		E4A755B21986261A0004ACB6 /* crc32.h */ = {isa = PBXFileReference; fileEncoding = 4; lastKnownFileType = sourcecode.c.h; path = crc32.h; sourceTree = "<group>"; };
		E4A755B31986261A0004ACB6 /* deflate.c */ = {isa = PBXFileReference; fileEncoding = 4; lastKnownFileType = sourcecode.c.c; path = deflate.c; sourceTree = "<group>"; };
		E4A755B41986261A0004ACB6 /* deflate.h */ = {isa = PBXFileReference; fileEncoding = 4; lastKnownFileType = sourcecode.c.h; path = deflate.h; sourceTree = "<group>"; };
		E4A755C81986261A0004ACB6 /* gzclose.c */ = {isa = PBXFileReference; fileEncoding = 4; lastKnownFileType = sourcecode.c.c; path = gzclose.c; sourceTree = "<group>"; };
		E4A755C91986261A0004ACB6 /* gzguts.h */ = {isa = PBXFileReference; fileEncoding = 4; lastKnownFileType = sourcecode.c.h; path = gzguts.h; sourceTree = "<group>"; };
		E4A755CA1986261A0004ACB6 /* gzlib.c */ = {isa = PBXFileReference; fileEncoding = 4; lastKnownFileType = sourcecode.c.c; path = gzlib.c; sourceTree = "<group>"; };
		E4A755CB1986261A0004ACB6 /* gzread.c */ = {isa = PBXFileReference; fileEncoding = 4; lastKnownFileType = sourcecode.c.c; path = gzread.c; sourceTree = "<group>"; };
		E4A755CC1986261A0004ACB6 /* gzwrite.c */ = {isa = PBXFileReference; fileEncoding = 4; lastKnownFileType = sourcecode.c.c; path = gzwrite.c; sourceTree = "<group>"; };
		E4A755CE1986261A0004ACB6 /* infback.c */ = {isa = PBXFileReference; fileEncoding = 4; lastKnownFileType = sourcecode.c.c; path = infback.c; sourceTree = "<group>"; };
		E4A755CF1986261A0004ACB6 /* inffast.c */ = {isa = PBXFileReference; fileEncoding = 4; lastKnownFileType = sourcecode.c.c; path = inffast.c; sourceTree = "<group>"; };
		E4A755D01986261A0004ACB6 /* inffast.h */ = {isa = PBXFileReference; fileEncoding = 4; lastKnownFileType = sourcecode.c.h; path = inffast.h; sourceTree = "<group>"; };
		E4A755D11986261A0004ACB6 /* inffixed.h */ = {isa = PBXFileReference; fileEncoding = 4; lastKnownFileType = sourcecode.c.h; path = inffixed.h; sourceTree = "<group>"; };
		E4A755D21986261A0004ACB6 /* inflate.c */ = {isa = PBXFileReference; fileEncoding = 4; lastKnownFileType = sourcecode.c.c; path = inflate.c; sourceTree = "<group>"; };
		E4A755D31986261A0004ACB6 /* inflate.h */ = {isa = PBXFileReference; fileEncoding = 4; lastKnownFileType = sourcecode.c.h; path = inflate.h; sourceTree = "<group>"; };
		E4A755D41986261A0004ACB6 /* inftrees.c */ = {isa = PBXFileReference; fileEncoding = 4; lastKnownFileType = sourcecode.c.c; path = inftrees.c; sourceTree = "<group>"; };
		E4A755D51986261A0004ACB6 /* inftrees.h */ = {isa = PBXFileReference; fileEncoding = 4; lastKnownFileType = sourcecode.c.h; path = inftrees.h; sourceTree = "<group>"; };
		E4A755F31986261A0004ACB6 /* trees.c */ = {isa = PBXFileReference; fileEncoding = 4; lastKnownFileType = sourcecode.c.c; path = trees.c; sourceTree = "<group>"; };
		E4A755F41986261A0004ACB6 /* trees.h */ = {isa = PBXFileReference; fileEncoding = 4; lastKnownFileType = sourcecode.c.h; path = trees.h; sourceTree = "<group>"; };
		E4A755F51986261A0004ACB6 /* uncompr.c */ = {isa = PBXFileReference; fileEncoding = 4; lastKnownFileType = sourcecode.c.c; path = uncompr.c; sourceTree = "<group>"; };
		E4A756021986261A0004ACB6 /* zconf.h */ = {isa = PBXFileReference; fileEncoding = 4; lastKnownFileType = sourcecode.c.h; path = zconf.h; sourceTree = "<group>"; };
		E4A756071986261A0004ACB6 /* zlib.h */ = {isa = PBXFileReference; fileEncoding = 4; lastKnownFileType = sourcecode.c.h; path = zlib.h; sourceTree = "<group>"; };
		E4A7560C1986261A0004ACB6 /* zutil.c */ = {isa = PBXFileReference; fileEncoding = 4; lastKnownFileType = sourcecode.c.c; path = zutil.c; sourceTree = "<group>"; };
		E4A7560D1986261A0004ACB6 /* zutil.h */ = {isa = PBXFileReference; fileEncoding = 4; lastKnownFileType = sourcecode.c.h; path = zutil.h; sourceTree = "<group>"; };
		E4F587D61BFD19CE004E59F2 /* paths_osx.xcconfig */ = {isa = PBXFileReference; lastKnownFileType = text.xcconfig; name = paths_osx.xcconfig; path = ../../xcode/paths_osx.xcconfig; sourceTree = "<group>"; };
/* End PBXFileReference section */

/* Begin PBXFrameworksBuildPhase section */
		8DD76F660486A84900D96B5E /* Frameworks */ = {
			isa = PBXFrameworksBuildPhase;
			buildActionMask = 2147483647;
			files = (
				63B4BCB1107537F300A0A288 /* Foundation.framework in Frameworks */,
			);
			runOnlyForDeploymentPostprocessing = 0;
		};
/* End PBXFrameworksBuildPhase section */

/* Begin PBXGroup section */
		08FB7794FE84155DC02AAC07 /* PakMaker */ = {
			isa = PBXGroup;
			children = (
				E4F587D61BFD19CE004E59F2 /* paths_osx.xcconfig */,
				C6859E8C029090F304C91782 /* Documentation */,
				63B4BCAF107537E100A0A288 /* Frameworks */,
				63B4BC88107536A700A0A288 /* Libraries */,
				1AB674ADFE9D54B511CA2CBB /* Products */,
				08FB7795FE84155DC02AAC07 /* Source */,
			);
			name = PakMaker;
			sourceTree = "<group>";
		};
		08FB7795FE84155DC02AAC07 /* Source */ = {
			isa = PBXGroup;
			children = (
				08FB7796FE84155DC02AAC07 /* main.cpp */,
				63B4BC851075361E00A0A288 /* pakProjectLoader.h */,
				63B4BC861075361E00A0A288 /* pakProjectLoader.mm */,
			);
			name = Source;
			sourceTree = "<group>";
		};
		1AB674ADFE9D54B511CA2CBB /* Products */ = {
			isa = PBXGroup;
			children = (
				8DD76F6C0486A84900D96B5E /* PakMaker */,
			);
			name = Products;
			sourceTree = "<group>";
		};
		63B4BC88107536A700A0A288 /* Libraries */ = {
			isa = PBXGroup;
			children = (
				E4A755031986261A0004ACB6 /* zlib-1.2.7 */,
				63B4BC89107536C600A0A288 /* hdCore */,
			);
			name = Libraries;
			sourceTree = "<group>";
		};
		63B4BC89107536C600A0A288 /* hdCore */ = {
			isa = PBXGroup;
			children = (
				E44B5B3A198605AF001F9862 /* hdCommon.cpp */,
				E44B5B3B198605AF001F9862 /* hdCommon.h */,
				E44B5B3C198605AF001F9862 /* hdCompression.cpp */,
				E44B5B3D198605AF001F9862 /* hdCompression.h */,
				E44B5B3E198605AF001F9862 /* hdFileSystem.h */,
				E44B5B3F198605AF001F9862 /* hdPakFileSystem.cpp */,
				E44B5B40198605AF001F9862 /* hdPakFileSystem.h */,
				63B4BFF510755EE100A0A288 /* hdOSXFileSystem.h */,
				63B4BFF610755EE100A0A288 /* hdOSXFileSystem.mm */,
			);
			name = hdCore;
			path = /Users/davidpetrie/Projects/hdk/hdTech1/src/hdk/hdCore;
			sourceTree = "<absolute>";
		};
		63B4BCAF107537E100A0A288 /* Frameworks */ = {
			isa = PBXGroup;
			children = (
				63B4BCB0107537F300A0A288 /* Foundation.framework */,
			);
			name = Frameworks;
			sourceTree = "<group>";
		};
		C6859E8C029090F304C91782 /* Documentation */ = {
			isa = PBXGroup;
			children = (
				C6859E8B029090EE04C91782 /* PakMaker.1 */,
			);
			name = Documentation;
			sourceTree = "<group>";
		};
		E4A755031986261A0004ACB6 /* zlib-1.2.7 */ = {
			isa = PBXGroup;
			children = (
				E4A755041986261A0004ACB6 /* adler32.c */,
				E4A7550F1986261A0004ACB6 /* compress.c */,
				E4A755B11986261A0004ACB6 /* crc32.c */,
				E4A755B21986261A0004ACB6 /* crc32.h */,
				E4A755B31986261A0004ACB6 /* deflate.c */,
				E4A755B41986261A0004ACB6 /* deflate.h */,
				E4A755C81986261A0004ACB6 /* gzclose.c */,
				E4A755C91986261A0004ACB6 /* gzguts.h */,
				E4A755CA1986261A0004ACB6 /* gzlib.c */,
				E4A755CB1986261A0004ACB6 /* gzread.c */,
				E4A755CC1986261A0004ACB6 /* gzwrite.c */,
				E4A755CE1986261A0004ACB6 /* infback.c */,
				E4A755CF1986261A0004ACB6 /* inffast.c */,
				E4A755D01986261A0004ACB6 /* inffast.h */,
				E4A755D11986261A0004ACB6 /* inffixed.h */,
				E4A755D21986261A0004ACB6 /* inflate.c */,
				E4A755D31986261A0004ACB6 /* inflate.h */,
				E4A755D41986261A0004ACB6 /* inftrees.c */,
				E4A755D51986261A0004ACB6 /* inftrees.h */,
				E4A755F31986261A0004ACB6 /* trees.c */,
				E4A755F41986261A0004ACB6 /* trees.h */,
				E4A755F51986261A0004ACB6 /* uncompr.c */,
				E4A756021986261A0004ACB6 /* zconf.h */,
				E4A756071986261A0004ACB6 /* zlib.h */,
				E4A7560C1986261A0004ACB6 /* zutil.c */,
				E4A7560D1986261A0004ACB6 /* zutil.h */,
			);
			name = "zlib-1.2.7";
			path = "../../libs/zlib-1.2.7";
			sourceTree = "<group>";
		};
/* End PBXGroup section */

/* Begin PBXNativeTarget section */
		8DD76F620486A84900D96B5E /* PakMaker */ = {
			isa = PBXNativeTarget;
			buildConfigurationList = 1DEB923108733DC60010E9CD /* Build configuration list for PBXNativeTarget "PakMaker" */;
			buildPhases = (
				8DD76F640486A84900D96B5E /* Sources */,
				8DD76F660486A84900D96B5E /* Frameworks */,
				8DD76F690486A84900D96B5E /* CopyFiles */,
			);
			buildRules = (
			);
			dependencies = (
			);
			name = PakMaker;
			productInstallPath = "$(HOME)/bin";
			productName = PakMaker;
			productReference = 8DD76F6C0486A84900D96B5E /* PakMaker */;
			productType = "com.apple.product-type.tool";
		};
/* End PBXNativeTarget section */

/* Begin PBXProject section */
		08FB7793FE84155DC02AAC07 /* Project object */ = {
			isa = PBXProject;
			attributes = {
				LastUpgradeCheck = 0710;
			};
			buildConfigurationList = 1DEB923508733DC60010E9CD /* Build configuration list for PBXProject "PakMaker" */;
			compatibilityVersion = "Xcode 3.2";
			developmentRegion = English;
			hasScannedForEncodings = 1;
			knownRegions = (
				en,
			);
			mainGroup = 08FB7794FE84155DC02AAC07 /* PakMaker */;
			projectDirPath = "";
			projectRoot = "";
			targets = (
				8DD76F620486A84900D96B5E /* PakMaker */,
			);
		};
/* End PBXProject section */

/* Begin PBXSourcesBuildPhase section */
		8DD76F640486A84900D96B5E /* Sources */ = {
			isa = PBXSourcesBuildPhase;
			buildActionMask = 2147483647;
			files = (
				E4A756511986261A0004ACB6 /* inffast.c in Sources */,
				E4A7565D1986261A0004ACB6 /* zutil.c in Sources */,
				E4A7560E1986261A0004ACB6 /* adler32.c in Sources */,
				8DD76F650486A84900D96B5E /* main.cpp in Sources */,
				E4A756521986261A0004ACB6 /* inflate.c in Sources */,
				E4A756531986261A0004ACB6 /* inftrees.c in Sources */,
				E4A7564E1986261A0004ACB6 /* gzread.c in Sources */,
				E4A756421986261A0004ACB6 /* crc32.c in Sources */,
				E4A756591986261A0004ACB6 /* trees.c in Sources */,
				E4A7564F1986261A0004ACB6 /* gzwrite.c in Sources */,
				63B4BC871075361E00A0A288 /* pakProjectLoader.mm in Sources */,
				E4A756101986261A0004ACB6 /* compress.c in Sources */,
				E4A756501986261A0004ACB6 /* infback.c in Sources */,
				E4A756431986261A0004ACB6 /* deflate.c in Sources */,
				63B4BFF710755EE100A0A288 /* hdOSXFileSystem.mm in Sources */,
				E44B5B42198605AF001F9862 /* hdCompression.cpp in Sources */,
				E44B5B43198605AF001F9862 /* hdPakFileSystem.cpp in Sources */,
				E4A7564D1986261A0004ACB6 /* gzlib.c in Sources */,
				E4A7565A1986261A0004ACB6 /* uncompr.c in Sources */,
				E4A7564C1986261A0004ACB6 /* gzclose.c in Sources */,
				E44B5B41198605AF001F9862 /* hdCommon.cpp in Sources */,
			);
			runOnlyForDeploymentPostprocessing = 0;
		};
/* End PBXSourcesBuildPhase section */

/* Begin XCBuildConfiguration section */
		1DEB923208733DC60010E9CD /* Debug */ = {
			isa = XCBuildConfiguration;
			baseConfigurationReference = E4F587D61BFD19CE004E59F2 /* paths_osx.xcconfig */;
			buildSettings = {
				ALWAYS_SEARCH_USER_PATHS = NO;
				COPY_PHASE_STRIP = NO;
				GCC_DYNAMIC_NO_PIC = NO;
				GCC_ENABLE_FIX_AND_CONTINUE = YES;
				GCC_MODEL_TUNING = G5;
				GCC_OPTIMIZATION_LEVEL = 0;
				HEADER_SEARCH_PATHS = (
					/usr/local/include,
					"$(inherited)",
				);
				INSTALL_PATH = /usr/local/bin;
				LIBRARY_SEARCH_PATHS = (
					"$(inherited)",
					/usr/local/Cellar/boost/1.55.0_1/lib,
				);
				PRODUCT_NAME = PakMaker;
			};
			name = Debug;
		};
		1DEB923308733DC60010E9CD /* Release */ = {
			isa = XCBuildConfiguration;
			baseConfigurationReference = E4F587D61BFD19CE004E59F2 /* paths_osx.xcconfig */;
			buildSettings = {
				ALWAYS_SEARCH_USER_PATHS = NO;
				DEBUG_INFORMATION_FORMAT = "dwarf-with-dsym";
				GCC_MODEL_TUNING = G5;
				HEADER_SEARCH_PATHS = (
					/usr/local/include,
					"$(inherited)",
				);
				INSTALL_PATH = /usr/local/bin;
				LIBRARY_SEARCH_PATHS = (
					"$(inherited)",
					/usr/local/Cellar/boost/1.55.0_1/lib,
				);
				PRODUCT_NAME = PakMaker;
			};
			name = Release;
		};
		1DEB923608733DC60010E9CD /* Debug */ = {
			isa = XCBuildConfiguration;
			baseConfigurationReference = E4F587D61BFD19CE004E59F2 /* paths_osx.xcconfig */;
			buildSettings = {
				ENABLE_TESTABILITY = YES;
				GCC_OPTIMIZATION_LEVEL = 0;
				GCC_WARN_ABOUT_RETURN_TYPE = YES;
				GCC_WARN_UNUSED_VARIABLE = YES;
				LIBRARY_SEARCH_PATHS = /usr/local/lib;
				ONLY_ACTIVE_ARCH = YES;
				PREBINDING = NO;
				SDKROOT = macosx;
			};
			name = Debug;
		};
		1DEB923708733DC60010E9CD /* Release */ = {
			isa = XCBuildConfiguration;
			baseConfigurationReference = E4F587D61BFD19CE004E59F2 /* paths_osx.xcconfig */;
			buildSettings = {
				GCC_WARN_ABOUT_RETURN_TYPE = YES;
				GCC_WARN_UNUSED_VARIABLE = YES;
				LIBRARY_SEARCH_PATHS = /usr/local/lib;
				PREBINDING = NO;
				SDKROOT = macosx;
			};
			name = Release;
		};
/* End XCBuildConfiguration section */

/* Begin XCConfigurationList section */
		1DEB923108733DC60010E9CD /* Build configuration list for PBXNativeTarget "PakMaker" */ = {
			isa = XCConfigurationList;
			buildConfigurations = (
				1DEB923208733DC60010E9CD /* Debug */,
				1DEB923308733DC60010E9CD /* Release */,
			);
			defaultConfigurationIsVisible = 0;
			defaultConfigurationName = Release;
		};
		1DEB923508733DC60010E9CD /* Build configuration list for PBXProject "PakMaker" */ = {
			isa = XCConfigurationList;
			buildConfigurations = (
				1DEB923608733DC60010E9CD /* Debug */,
				1DEB923708733DC60010E9CD /* Release */,
			);
			defaultConfigurationIsVisible = 0;
			defaultConfigurationName = Release;
		};
/* End XCConfigurationList section */
	};
	rootObject = 08FB7793FE84155DC02AAC07 /* Project object */;
}
